{
  "name": "preact-fade",
  "version": "0.3.0",
  "lockfileVersion": 1,
  "dependencies": {
    "fade": {
      "version": "0.2.0",
      "resolved": "https://registry.npmjs.org/fade/-/fade-0.2.0.tgz",
      "integrity": "sha1-WPszdT9EJKHjhw+5Jwnjh695e+c="
    },
    "prefixed": {
      "version": "0.0.0",
      "resolved": "https://registry.npmjs.org/prefixed/-/prefixed-0.0.0.tgz",
      "integrity": "sha1-lFsUnZLnN1vGYFGbE2FSGquX340="
    }
  }
}
